
Microsoft Visual Studio Solution File, Format Version 12.00
# Visual Studio Version 18
VisualStudioVersion = 18.0.11201.2
MinimumVisualStudioVersion = 10.0.40219.1
Project("{FAE04EC0-301F-11D3-BF4B-00C04F79EFBC}") = "Lucia.Server", "src\Lucia.Server\Lucia.Server\Lucia.Server.csproj", "{828B3A4F-3F48-4CAC-8569-DD38C2A79A70}"
EndProject
Project("{FAE04EC0-301F-11D3-BF4B-00C04F79EFBC}") = "Lucia.Server.Client", "src\Lucia.Server\Lucia.Server.Client\Lucia.Server.Client.csproj", "{881B7E64-D731-4ADB-A292-4FF9831EB298}"
EndProject
Project("{FAE04EC0-301F-11D3-BF4B-00C04F79EFBC}") = "Lucia.Models", "src\Lucia.Models\Lucia.Models.csproj", "{4226FC2F-C844-4D02-A6CE-1E4AAD4E196C}"
EndProject
Project("{FAE04EC0-301F-11D3-BF4B-00C04F79EFBC}") = "Lucia.Services", "src\Lucia.Services\Lucia.Services.csproj", "{4316CB64-F5A6-4690-B4EB-F1EDE87DC1CA}"
EndProject
Project("{2150E333-8FDC-42A3-9474-1A3956D46DE8}") = "Documents", "Documents", "{68392B75-8D79-43FC-9CDE-D529EA3F202B}"
	ProjectSection(SolutionItems) = preProject
		Documents\design-tokens-demo.html = Documents\design-tokens-demo.html
	EndProjectSection
EndProject
Project("{FAE04EC0-301F-11D3-BF4B-00C04F79EFBC}") = "LuciaServer.Shared", "src\LuciaServer.Shared\LuciaServer.Shared.csproj", "{032D1318-0EB9-4C74-AE66-72E6F20DCEB5}"
EndProject
Project("{2150E333-8FDC-42A3-9474-1A3956D46DE8}") = "ソリューション項目", "ソリューション項目", "{FC1F2DFE-1DAD-4BBF-A075-B21036982D12}"
	ProjectSection(SolutionItems) = preProject
		CLAUDE.md = CLAUDE.md
	EndProjectSection
EndProject
Project("{2150E333-8FDC-42A3-9474-1A3956D46DE8}") = "src", "src", "{827E0CD3-B72D-47B6-A68D-7590B98EB39B}"
EndProject
Project("{B7DD6F7E-DEF8-4E67-B5B7-07EF123DB6F0}") = "Lucia.WixInstaller", "src\Lucia.WixInstaller\Lucia.WixInstaller.wixproj", "{2043F8D7-08AC-494D-BC5A-196E7AF55D90}"
EndProject
Global
	GlobalSection(SolutionConfigurationPlatforms) = preSolution
		Debug|Any CPU = Debug|Any CPU
		Debug|x64 = Debug|x64
		Debug|x86 = Debug|x86
		Release|Any CPU = Release|Any CPU
		Release|x64 = Release|x64
		Release|x86 = Release|x86
	EndGlobalSection
	GlobalSection(ProjectConfigurationPlatforms) = postSolution
		{828B3A4F-3F48-4CAC-8569-DD38C2A79A70}.Debug|Any CPU.ActiveCfg = Debug|Any CPU
		{828B3A4F-3F48-4CAC-8569-DD38C2A79A70}.Debug|Any CPU.Build.0 = Debug|Any CPU
		{828B3A4F-3F48-4CAC-8569-DD38C2A79A70}.Debug|x64.ActiveCfg = Debug|Any CPU
		{828B3A4F-3F48-4CAC-8569-DD38C2A79A70}.Debug|x64.Build.0 = Debug|Any CPU
		{828B3A4F-3F48-4CAC-8569-DD38C2A79A70}.Debug|x86.ActiveCfg = Debug|Any CPU
		{828B3A4F-3F48-4CAC-8569-DD38C2A79A70}.Debug|x86.Build.0 = Debug|Any CPU
		{828B3A4F-3F48-4CAC-8569-DD38C2A79A70}.Release|Any CPU.ActiveCfg = Release|Any CPU
		{828B3A4F-3F48-4CAC-8569-DD38C2A79A70}.Release|Any CPU.Build.0 = Release|Any CPU
		{828B3A4F-3F48-4CAC-8569-DD38C2A79A70}.Release|x64.ActiveCfg = Release|Any CPU
		{828B3A4F-3F48-4CAC-8569-DD38C2A79A70}.Release|x64.Build.0 = Release|Any CPU
		{828B3A4F-3F48-4CAC-8569-DD38C2A79A70}.Release|x86.ActiveCfg = Release|Any CPU
		{828B3A4F-3F48-4CAC-8569-DD38C2A79A70}.Release|x86.Build.0 = Release|Any CPU
		{881B7E64-D731-4ADB-A292-4FF9831EB298}.Debug|Any CPU.ActiveCfg = Debug|Any CPU
		{881B7E64-D731-4ADB-A292-4FF9831EB298}.Debug|Any CPU.Build.0 = Debug|Any CPU
		{881B7E64-D731-4ADB-A292-4FF9831EB298}.Debug|x64.ActiveCfg = Debug|Any CPU
		{881B7E64-D731-4ADB-A292-4FF9831EB298}.Debug|x64.Build.0 = Debug|Any CPU
		{881B7E64-D731-4ADB-A292-4FF9831EB298}.Debug|x86.ActiveCfg = Debug|Any CPU
		{881B7E64-D731-4ADB-A292-4FF9831EB298}.Debug|x86.Build.0 = Debug|Any CPU
		{881B7E64-D731-4ADB-A292-4FF9831EB298}.Release|Any CPU.ActiveCfg = Release|Any CPU
		{881B7E64-D731-4ADB-A292-4FF9831EB298}.Release|Any CPU.Build.0 = Release|Any CPU
		{881B7E64-D731-4ADB-A292-4FF9831EB298}.Release|x64.ActiveCfg = Release|Any CPU
		{881B7E64-D731-4ADB-A292-4FF9831EB298}.Release|x64.Build.0 = Release|Any CPU
		{881B7E64-D731-4ADB-A292-4FF9831EB298}.Release|x86.ActiveCfg = Release|Any CPU
		{881B7E64-D731-4ADB-A292-4FF9831EB298}.Release|x86.Build.0 = Release|Any CPU
		{4226FC2F-C844-4D02-A6CE-1E4AAD4E196C}.Debug|Any CPU.ActiveCfg = Debug|Any CPU
		{4226FC2F-C844-4D02-A6CE-1E4AAD4E196C}.Debug|Any CPU.Build.0 = Debug|Any CPU
		{4226FC2F-C844-4D02-A6CE-1E4AAD4E196C}.Debug|x64.ActiveCfg = Debug|Any CPU
		{4226FC2F-C844-4D02-A6CE-1E4AAD4E196C}.Debug|x64.Build.0 = Debug|Any CPU
		{4226FC2F-C844-4D02-A6CE-1E4AAD4E196C}.Debug|x86.ActiveCfg = Debug|Any CPU
		{4226FC2F-C844-4D02-A6CE-1E4AAD4E196C}.Debug|x86.Build.0 = Debug|Any CPU
		{4226FC2F-C844-4D02-A6CE-1E4AAD4E196C}.Release|Any CPU.ActiveCfg = Release|Any CPU
		{4226FC2F-C844-4D02-A6CE-1E4AAD4E196C}.Release|Any CPU.Build.0 = Release|Any CPU
		{4226FC2F-C844-4D02-A6CE-1E4AAD4E196C}.Release|x64.ActiveCfg = Release|Any CPU
		{4226FC2F-C844-4D02-A6CE-1E4AAD4E196C}.Release|x64.Build.0 = Release|Any CPU
		{4226FC2F-C844-4D02-A6CE-1E4AAD4E196C}.Release|x86.ActiveCfg = Release|Any CPU
		{4226FC2F-C844-4D02-A6CE-1E4AAD4E196C}.Release|x86.Build.0 = Release|Any CPU
		{4316CB64-F5A6-4690-B4EB-F1EDE87DC1CA}.Debug|Any CPU.ActiveCfg = Debug|Any CPU
		{4316CB64-F5A6-4690-B4EB-F1EDE87DC1CA}.Debug|Any CPU.Build.0 = Debug|Any CPU
		{4316CB64-F5A6-4690-B4EB-F1EDE87DC1CA}.Debug|x64.ActiveCfg = Debug|Any CPU
		{4316CB64-F5A6-4690-B4EB-F1EDE87DC1CA}.Debug|x64.Build.0 = Debug|Any CPU
		{4316CB64-F5A6-4690-B4EB-F1EDE87DC1CA}.Debug|x86.ActiveCfg = Debug|Any CPU
		{4316CB64-F5A6-4690-B4EB-F1EDE87DC1CA}.Debug|x86.Build.0 = Debug|Any CPU
		{4316CB64-F5A6-4690-B4EB-F1EDE87DC1CA}.Release|Any CPU.ActiveCfg = Release|Any CPU
		{4316CB64-F5A6-4690-B4EB-F1EDE87DC1CA}.Release|Any CPU.Build.0 = Release|Any CPU
		{4316CB64-F5A6-4690-B4EB-F1EDE87DC1CA}.Release|x64.ActiveCfg = Release|Any CPU
		{4316CB64-F5A6-4690-B4EB-F1EDE87DC1CA}.Release|x64.Build.0 = Release|Any CPU
		{4316CB64-F5A6-4690-B4EB-F1EDE87DC1CA}.Release|x86.ActiveCfg = Release|Any CPU
		{4316CB64-F5A6-4690-B4EB-F1EDE87DC1CA}.Release|x86.Build.0 = Release|Any CPU
		{032D1318-0EB9-4C74-AE66-72E6F20DCEB5}.Debug|Any CPU.ActiveCfg = Debug|Any CPU
		{032D1318-0EB9-4C74-AE66-72E6F20DCEB5}.Debug|Any CPU.Build.0 = Debug|Any CPU
		{032D1318-0EB9-4C74-AE66-72E6F20DCEB5}.Debug|x64.ActiveCfg = Debug|Any CPU
		{032D1318-0EB9-4C74-AE66-72E6F20DCEB5}.Debug|x64.Build.0 = Debug|Any CPU
		{032D1318-0EB9-4C74-AE66-72E6F20DCEB5}.Debug|x86.ActiveCfg = Debug|Any CPU
		{032D1318-0EB9-4C74-AE66-72E6F20DCEB5}.Debug|x86.Build.0 = Debug|Any CPU
		{032D1318-0EB9-4C74-AE66-72E6F20DCEB5}.Release|Any CPU.ActiveCfg = Release|Any CPU
		{032D1318-0EB9-4C74-AE66-72E6F20DCEB5}.Release|Any CPU.Build.0 = Release|Any CPU
		{032D1318-0EB9-4C74-AE66-72E6F20DCEB5}.Release|x64.ActiveCfg = Release|Any CPU
		{032D1318-0EB9-4C74-AE66-72E6F20DCEB5}.Release|x64.Build.0 = Release|Any CPU
		{032D1318-0EB9-4C74-AE66-72E6F20DCEB5}.Release|x86.ActiveCfg = Release|Any CPU
		{032D1318-0EB9-4C74-AE66-72E6F20DCEB5}.Release|x86.Build.0 = Release|Any CPU
		{2043F8D7-08AC-494D-BC5A-196E7AF55D90}.Debug|Any CPU.ActiveCfg = Debug|Any CPU
		{2043F8D7-08AC-494D-BC5A-196E7AF55D90}.Debug|Any CPU.Build.0 = Debug|Any CPU
		{2043F8D7-08AC-494D-BC5A-196E7AF55D90}.Debug|x64.ActiveCfg = Debug|Any CPU
		{2043F8D7-08AC-494D-BC5A-196E7AF55D90}.Debug|x64.Build.0 = Debug|Any CPU
		{2043F8D7-08AC-494D-BC5A-196E7AF55D90}.Debug|x86.ActiveCfg = Debug|Any CPU
		{2043F8D7-08AC-494D-BC5A-196E7AF55D90}.Debug|x86.Build.0 = Debug|Any CPU
		{2043F8D7-08AC-494D-BC5A-196E7AF55D90}.Release|Any CPU.ActiveCfg = Release|Any CPU
		{2043F8D7-08AC-494D-BC5A-196E7AF55D90}.Release|Any CPU.Build.0 = Release|Any CPU
		{2043F8D7-08AC-494D-BC5A-196E7AF55D90}.Release|x64.ActiveCfg = Release|Any CPU
		{2043F8D7-08AC-494D-BC5A-196E7AF55D90}.Release|x64.Build.0 = Release|Any CPU
		{2043F8D7-08AC-494D-BC5A-196E7AF55D90}.Release|x86.ActiveCfg = Release|Any CPU
		{2043F8D7-08AC-494D-BC5A-196E7AF55D90}.Release|x86.Build.0 = Release|Any CPU
	EndGlobalSection
	GlobalSection(SolutionProperties) = preSolution
		HideSolutionNode = FALSE
	EndGlobalSection
	GlobalSection(NestedProjects) = preSolution
		{2043F8D7-08AC-494D-BC5A-196E7AF55D90} = {827E0CD3-B72D-47B6-A68D-7590B98EB39B}
	EndGlobalSection
	GlobalSection(ExtensibilityGlobals) = postSolution
		SolutionGuid = {3C487F1C-35C8-4B5B-8A55-6BD60B9FCBE3}
	EndGlobalSection
EndGlobal
