
Microsoft Visual Studio Solution File, Format Version 12.00
# Visual Studio Version 18
VisualStudioVersion = 18.0.11201.2 d18.0
MinimumVisualStudioVersion = 10.0.40219.1
Project("{FAE04EC0-301F-11D3-BF4B-00C04F79EFBC}") = "Lucia.Server", "src\Lucia.Server\Lucia.Server\Lucia.Server.csproj", "{828B3A4F-3F48-4CAC-8569-DD38C2A79A70}"
EndProject
Project("{FAE04EC0-301F-11D3-BF4B-00C04F79EFBC}") = "Lucia.Server.Client", "src\Lucia.Server\Lucia.Server.Client\Lucia.Server.Client.csproj", "{881B7E64-D731-4ADB-A292-4FF9831EB298}"
EndProject
Project("{FAE04EC0-301F-11D3-BF4B-00C04F79EFBC}") = "Lucia.Models", "src\Lucia.Models\Lucia.Models.csproj", "{4226FC2F-C844-4D02-A6CE-1E4AAD4E196C}"
EndProject
Global
	GlobalSection(SolutionConfigurationPlatforms) = preSolution
		Debug|Any CPU = Debug|Any CPU
		Release|Any CPU = Release|Any CPU
	EndGlobalSection
	GlobalSection(ProjectConfigurationPlatforms) = postSolution
		{828B3A4F-3F48-4CAC-8569-DD38C2A79A70}.Debug|Any CPU.ActiveCfg = Debug|Any CPU
		{828B3A4F-3F48-4CAC-8569-DD38C2A79A70}.Debug|Any CPU.Build.0 = Debug|Any CPU
		{828B3A4F-3F48-4CAC-8569-DD38C2A79A70}.Release|Any CPU.ActiveCfg = Release|Any CPU
		{828B3A4F-3F48-4CAC-8569-DD38C2A79A70}.Release|Any CPU.Build.0 = Release|Any CPU
		{881B7E64-D731-4ADB-A292-4FF9831EB298}.Debug|Any CPU.ActiveCfg = Debug|Any CPU
		{881B7E64-D731-4ADB-A292-4FF9831EB298}.Debug|Any CPU.Build.0 = Debug|Any CPU
		{881B7E64-D731-4ADB-A292-4FF9831EB298}.Release|Any CPU.ActiveCfg = Release|Any CPU
		{881B7E64-D731-4ADB-A292-4FF9831EB298}.Release|Any CPU.Build.0 = Release|Any CPU
		{4226FC2F-C844-4D02-A6CE-1E4AAD4E196C}.Debug|Any CPU.ActiveCfg = Debug|Any CPU
		{4226FC2F-C844-4D02-A6CE-1E4AAD4E196C}.Debug|Any CPU.Build.0 = Debug|Any CPU
		{4226FC2F-C844-4D02-A6CE-1E4AAD4E196C}.Release|Any CPU.ActiveCfg = Release|Any CPU
		{4226FC2F-C844-4D02-A6CE-1E4AAD4E196C}.Release|Any CPU.Build.0 = Release|Any CPU
	EndGlobalSection
	GlobalSection(SolutionProperties) = preSolution
		HideSolutionNode = FALSE
	EndGlobalSection
	GlobalSection(ExtensibilityGlobals) = postSolution
		SolutionGuid = {3C487F1C-35C8-4B5B-8A55-6BD60B9FCBE3}
	EndGlobalSection
EndGlobal
